{
  "name": "ew-examples",
  "version": "0.0.0",
  "lockfileVersion": 2,
  "requires": true,
  "packages": {
    "": {
      "name": "ew-examples",
      "version": "0.0.0",
      "license": "ISC",
      "dependencies": {
        "@types/akamai-edgeworkers": "^1.0.8"
      }
    },
    "node_modules/@types/akamai-edgeworkers": {
      "version": "1.0.8",
      "resolved": "https://registry.npmjs.org/@types/akamai-edgeworkers/-/akamai-edgeworkers-1.0.8.tgz",
      "integrity": "sha512-6wfQp8FDXhZRDhAKZH770x968QdZuXOMc9JHk0M1LAXJLTG6sp0FjuEaa9IUN7lAD+cMhIfz68h7Jjnz29tbFA=="
    }
  },
  "dependencies": {
    "@types/akamai-edgeworkers": {
      "version": "1.0.8",
      "resolved": "https://registry.npmjs.org/@types/akamai-edgeworkers/-/akamai-edgeworkers-1.0.8.tgz",
      "integrity": "sha512-6wfQp8FDXhZRDhAKZH770x968QdZuXOMc9JHk0M1LAXJLTG6sp0FjuEaa9IUN7lAD+cMhIfz68h7Jjnz29tbFA=="
    }
  }
}
